
Microsoft Visual Studio Solution File, Format Version 12.00
# Visual Studio Version 17
VisualStudioVersion = 17.9.34723.18
MinimumVisualStudioVersion = 10.0.40219.1
Project("{FAE04EC0-301F-11D3-BF4B-00C04F79EFBC}") = "AnonymousForumz", "AnonymousForumz.csproj", "{BE0CA816-3464-47E3-A955-9F4BFE28B849}"
EndProject
Global
	GlobalSection(SolutionConfigurationPlatforms) = preSolution
		Debug|Any CPU = Debug|Any CPU
		Release|Any CPU = Release|Any CPU
	EndGlobalSection
	GlobalSection(ProjectConfigurationPlatforms) = postSolution
		{BE0CA816-3464-47E3-A955-9F4BFE28B849}.Debug|Any CPU.ActiveCfg = Debug|Any CPU
		{BE0CA816-3464-47E3-A955-9F4BFE28B849}.Debug|Any CPU.Build.0 = Debug|Any CPU
		{BE0CA816-3464-47E3-A955-9F4BFE28B849}.Release|Any CPU.ActiveCfg = Release|Any CPU
		{BE0CA816-3464-47E3-A955-9F4BFE28B849}.Release|Any CPU.Build.0 = Release|Any CPU
	EndGlobalSection
	GlobalSection(SolutionProperties) = preSolution
		HideSolutionNode = FALSE
	EndGlobalSection
	GlobalSection(ExtensibilityGlobals) = postSolution
		SolutionGuid = {FFA44089-36C8-41A5-8B78-32A23621D0BA}
	EndGlobalSection
EndGlobal
